
Microsoft Visual Studio Solution File, Format Version 12.00
# Visual Studio Version 17
VisualStudioVersion = 17.5.33502.453
MinimumVisualStudioVersion = 10.0.40219.1
Project("{FAE04EC0-301F-11D3-BF4B-00C04F79EFBC}") = "Task4AppMvc", "Task4AppMvc.csproj", "{D9B1F00B-DA5B-4A9B-BF5C-FCE5F32ED374}"
EndProject
Global
	GlobalSection(SolutionConfigurationPlatforms) = preSolution
		Debug|Any CPU = Debug|Any CPU
		Release|Any CPU = Release|Any CPU
	EndGlobalSection
	GlobalSection(ProjectConfigurationPlatforms) = postSolution
		{D9B1F00B-DA5B-4A9B-BF5C-FCE5F32ED374}.Debug|Any CPU.ActiveCfg = Debug|Any CPU
		{D9B1F00B-DA5B-4A9B-BF5C-FCE5F32ED374}.Debug|Any CPU.Build.0 = Debug|Any CPU
		{D9B1F00B-DA5B-4A9B-BF5C-FCE5F32ED374}.Release|Any CPU.ActiveCfg = Release|Any CPU
		{D9B1F00B-DA5B-4A9B-BF5C-FCE5F32ED374}.Release|Any CPU.Build.0 = Release|Any CPU
	EndGlobalSection
	GlobalSection(SolutionProperties) = preSolution
		HideSolutionNode = FALSE
	EndGlobalSection
	GlobalSection(ExtensibilityGlobals) = postSolution
		SolutionGuid = {188BBEF9-0CE2-4D59-A53E-857EE9698CBC}
	EndGlobalSection
EndGlobal
